
Microsoft Visual Studio Solution File, Format Version 12.00
# Visual Studio Version 17
VisualStudioVersion = 17.0.31903.59
MinimumVisualStudioVersion = 10.0.40219.1
Project("{FAE04EC0-301F-11D3-BF4B-00C04F79EFBC}") = "API", "API\API.csproj", "{F5B3E66F-5378-409F-A007-B8A2E4CF2A9F}"
EndProject
Project("{FAE04EC0-301F-11D3-BF4B-00C04F79EFBC}") = "Domain", "Domain\Domain.csproj", "{88BBC4F8-2362-4F61-B2C1-91A0E41D83BF}"
EndProject
Project("{FAE04EC0-301F-11D3-BF4B-00C04F79EFBC}") = "Persistence", "Persistence\Persistence.csproj", "{6098E8BA-ABF0-42B0-9154-AD250913D4CC}"
EndProject
Project("{FAE04EC0-301F-11D3-BF4B-00C04F79EFBC}") = "Application", "Application\Application.csproj", "{06F0A6E8-CD53-49F1-A34D-178CE8897F04}"
EndProject
Project("{FAE04EC0-301F-11D3-BF4B-00C04F79EFBC}") = "Infrastructure", "Infrastructure\Infrastructure.csproj", "{7A31AD9B-715D-4646-A63E-5E948D6C8ABC}"
EndProject
Global
	GlobalSection(SolutionConfigurationPlatforms) = preSolution
		Debug|Any CPU = Debug|Any CPU
		Release|Any CPU = Release|Any CPU
	EndGlobalSection
	GlobalSection(ProjectConfigurationPlatforms) = postSolution
		{F5B3E66F-5378-409F-A007-B8A2E4CF2A9F}.Debug|Any CPU.ActiveCfg = Debug|Any CPU
		{F5B3E66F-5378-409F-A007-B8A2E4CF2A9F}.Debug|Any CPU.Build.0 = Debug|Any CPU
		{F5B3E66F-5378-409F-A007-B8A2E4CF2A9F}.Release|Any CPU.ActiveCfg = Release|Any CPU
		{F5B3E66F-5378-409F-A007-B8A2E4CF2A9F}.Release|Any CPU.Build.0 = Release|Any CPU
		{88BBC4F8-2362-4F61-B2C1-91A0E41D83BF}.Debug|Any CPU.ActiveCfg = Debug|Any CPU
		{88BBC4F8-2362-4F61-B2C1-91A0E41D83BF}.Debug|Any CPU.Build.0 = Debug|Any CPU
		{88BBC4F8-2362-4F61-B2C1-91A0E41D83BF}.Release|Any CPU.ActiveCfg = Release|Any CPU
		{88BBC4F8-2362-4F61-B2C1-91A0E41D83BF}.Release|Any CPU.Build.0 = Release|Any CPU
		{6098E8BA-ABF0-42B0-9154-AD250913D4CC}.Debug|Any CPU.ActiveCfg = Debug|Any CPU
		{6098E8BA-ABF0-42B0-9154-AD250913D4CC}.Debug|Any CPU.Build.0 = Debug|Any CPU
		{6098E8BA-ABF0-42B0-9154-AD250913D4CC}.Release|Any CPU.ActiveCfg = Release|Any CPU
		{6098E8BA-ABF0-42B0-9154-AD250913D4CC}.Release|Any CPU.Build.0 = Release|Any CPU
		{06F0A6E8-CD53-49F1-A34D-178CE8897F04}.Debug|Any CPU.ActiveCfg = Debug|Any CPU
		{06F0A6E8-CD53-49F1-A34D-178CE8897F04}.Debug|Any CPU.Build.0 = Debug|Any CPU
		{06F0A6E8-CD53-49F1-A34D-178CE8897F04}.Release|Any CPU.ActiveCfg = Release|Any CPU
		{06F0A6E8-CD53-49F1-A34D-178CE8897F04}.Release|Any CPU.Build.0 = Release|Any CPU
		{7A31AD9B-715D-4646-A63E-5E948D6C8ABC}.Debug|Any CPU.ActiveCfg = Debug|Any CPU
		{7A31AD9B-715D-4646-A63E-5E948D6C8ABC}.Debug|Any CPU.Build.0 = Debug|Any CPU
		{7A31AD9B-715D-4646-A63E-5E948D6C8ABC}.Release|Any CPU.ActiveCfg = Release|Any CPU
		{7A31AD9B-715D-4646-A63E-5E948D6C8ABC}.Release|Any CPU.Build.0 = Release|Any CPU
	EndGlobalSection
	GlobalSection(SolutionProperties) = preSolution
		HideSolutionNode = FALSE
	EndGlobalSection
	GlobalSection(ExtensibilityGlobals) = postSolution
		SolutionGuid = {927C9C63-29F7-44B9-96B9-E886D0E77F16}
	EndGlobalSection
EndGlobal
